{
  "name": "model_train - Copy",
  "lockfileVersion": 3,
  "requires": true,
  "packages": {
    "": {
      "dependencies": {
        "groq-sdk": "^1.1.2"
      }
    },
    "node_modules/groq-sdk": {
      "version": "1.1.2",
      "resolved": "https://registry.npmjs.org/groq-sdk/-/groq-sdk-1.1.2.tgz",
      "integrity": "sha512-CZO0XUQQDhn43ri1+lZHxZKpb+bGutgTvFmCJtooexiitGmPqhm1hntOT3nCoaq07e+OpeokVnfUs0i/oQuUaQ==",
      "license": "Apache-2.0",
      "bin": {
        "groq-sdk": "bin/cli"
      }
    }
  }
}
